
Microsoft Visual Studio Solution File, Format Version 12.00
# Visual Studio 15
VisualStudioVersion = 15.0.27703.2042
MinimumVisualStudioVersion = 10.0.40219.1
Project("{FAE04EC0-301F-11D3-BF4B-00C04F79EFBC}") = "Belatrix.Ebay.UITest", "Belatrix.Ebay.UITest\Belatrix.Ebay.UITest.csproj", "{8608158D-6BC9-4874-ABC9-E1467666690B}"
EndProject
Project("{FAE04EC0-301F-11D3-BF4B-00C04F79EFBC}") = "Belatrix.Ebay.API", "Belatrix.Ebay.API\Belatrix.Ebay.API.csproj", "{2BB1575A-8B75-4092-AC94-B149684C520B}"
EndProject
Global
	GlobalSection(SolutionConfigurationPlatforms) = preSolution
		Debug|Any CPU = Debug|Any CPU
		Release|Any CPU = Release|Any CPU
	EndGlobalSection
	GlobalSection(ProjectConfigurationPlatforms) = postSolution
		{8608158D-6BC9-4874-ABC9-E1467666690B}.Debug|Any CPU.ActiveCfg = Debug|Any CPU
		{8608158D-6BC9-4874-ABC9-E1467666690B}.Debug|Any CPU.Build.0 = Debug|Any CPU
		{8608158D-6BC9-4874-ABC9-E1467666690B}.Release|Any CPU.ActiveCfg = Release|Any CPU
		{8608158D-6BC9-4874-ABC9-E1467666690B}.Release|Any CPU.Build.0 = Release|Any CPU
		{2BB1575A-8B75-4092-AC94-B149684C520B}.Debug|Any CPU.ActiveCfg = Debug|Any CPU
		{2BB1575A-8B75-4092-AC94-B149684C520B}.Debug|Any CPU.Build.0 = Debug|Any CPU
		{2BB1575A-8B75-4092-AC94-B149684C520B}.Release|Any CPU.ActiveCfg = Release|Any CPU
		{2BB1575A-8B75-4092-AC94-B149684C520B}.Release|Any CPU.Build.0 = Release|Any CPU
	EndGlobalSection
	GlobalSection(SolutionProperties) = preSolution
		HideSolutionNode = FALSE
	EndGlobalSection
	GlobalSection(ExtensibilityGlobals) = postSolution
		SolutionGuid = {74F91B2A-E894-428C-B6B8-852EBB159E59}
	EndGlobalSection
EndGlobal
